
Microsoft Visual Studio Solution File, Format Version 12.00
# Visual Studio Version 17
VisualStudioVersion = 17.14.37314.3 d17.14
MinimumVisualStudioVersion = 10.0.40219.1
Project("{FAE04EC0-301F-11D3-BF4B-00C04F79EFBC}") = "stajproje2", "stajproje2\stajproje2.csproj", "{B9E803B8-ABC0-4366-A583-DD5679933742}"
EndProject
Global
	GlobalSection(SolutionConfigurationPlatforms) = preSolution
		Debug|Any CPU = Debug|Any CPU
		Release|Any CPU = Release|Any CPU
	EndGlobalSection
	GlobalSection(ProjectConfigurationPlatforms) = postSolution
		{B9E803B8-ABC0-4366-A583-DD5679933742}.Debug|Any CPU.ActiveCfg = Debug|Any CPU
		{B9E803B8-ABC0-4366-A583-DD5679933742}.Debug|Any CPU.Build.0 = Debug|Any CPU
		{B9E803B8-ABC0-4366-A583-DD5679933742}.Release|Any CPU.ActiveCfg = Release|Any CPU
		{B9E803B8-ABC0-4366-A583-DD5679933742}.Release|Any CPU.Build.0 = Release|Any CPU
	EndGlobalSection
	GlobalSection(SolutionProperties) = preSolution
		HideSolutionNode = FALSE
	EndGlobalSection
	GlobalSection(ExtensibilityGlobals) = postSolution
		SolutionGuid = {2D9DC881-1002-48F2-B8AB-2681AC5758C1}
	EndGlobalSection
EndGlobal
